
Microsoft Visual Studio Solution File, Format Version 12.00
# Visual Studio Version 17
VisualStudioVersion = 17.1.32228.430
MinimumVisualStudioVersion = 10.0.40219.1
Project("{FAE04EC0-301F-11D3-BF4B-00C04F79EFBC}") = "Cafe Management", "Cafe Management.csproj", "{0AEF2A79-10EF-418A-88E7-A402EB1825BB}"
EndProject
Global
	GlobalSection(SolutionConfigurationPlatforms) = preSolution
		Debug|Any CPU = Debug|Any CPU
		Release|Any CPU = Release|Any CPU
	EndGlobalSection
	GlobalSection(ProjectConfigurationPlatforms) = postSolution
		{0AEF2A79-10EF-418A-88E7-A402EB1825BB}.Debug|Any CPU.ActiveCfg = Debug|Any CPU
		{0AEF2A79-10EF-418A-88E7-A402EB1825BB}.Debug|Any CPU.Build.0 = Debug|Any CPU
		{0AEF2A79-10EF-418A-88E7-A402EB1825BB}.Release|Any CPU.ActiveCfg = Release|Any CPU
		{0AEF2A79-10EF-418A-88E7-A402EB1825BB}.Release|Any CPU.Build.0 = Release|Any CPU
	EndGlobalSection
	GlobalSection(SolutionProperties) = preSolution
		HideSolutionNode = FALSE
	EndGlobalSection
	GlobalSection(ExtensibilityGlobals) = postSolution
		SolutionGuid = {713D9D9E-8ABC-42B8-870C-1815C96B8157}
	EndGlobalSection
EndGlobal
